# THIS IS AN AUTOGENERATED FILE. DO NOT EDIT THIS FILE DIRECTLY.
# yarn lockfile v1


"@apollo/client@^3.6.9":
  version "3.6.9"
  resolved "https://registry.yarnpkg.com/@apollo/client/-/client-3.6.9.tgz#ad0ee2e3a3c92dbed4acd6917b6158a492739d94"
  integrity sha512-Y1yu8qa2YeaCUBVuw08x8NHenFi0sw2I3KCu7Kw9mDSu86HmmtHJkCAifKVrN2iPgDTW/BbP3EpSV8/EQCcxZA==
  dependencies:
    "@graphql-typed-document-node/core" "^3.1.1"
    "@wry/context" "^0.6.0"
    "@wry/equality" "^0.5.0"
    "@wry/trie" "^0.3.0"
    graphql-tag "^2.12.6"
    hoist-non-react-statics "^3.3.2"
    optimism "^0.16.1"
    prop-types "^15.7.2"
    symbol-observable "^4.0.0"
    ts-invariant "^0.10.3"
    tslib "^2.3.0"
    zen-observable-ts "^1.2.5"

"@babel/parser@^7.16.4":
  version "7.18.9"
  resolved "https://registry.yarnpkg.com/@babel/parser/-/parser-7.18.9.tgz#f2dde0c682ccc264a9a8595efd030a5cc8fd2539"
  integrity sha512-9uJveS9eY9DJ0t64YbIBZICtJy8a5QrDEVdiLCG97fVLpDTpGX7t8mMSb6OWw6Lrnjqj4O8zwjELX3dhoMgiBg==

"@graphql-typed-document-node/core@^3.1.1":
  version "3.1.1"
  resolved "https://registry.yarnpkg.com/@graphql-typed-document-node/core/-/core-3.1.1.tgz#076d78ce99822258cf813ecc1e7fa460fa74d052"
  integrity sha512-NQ17ii0rK1b34VZonlmT2QMJFI70m0TRwbknO/ihlbatXyaktDhN/98vBiUU6kNBPljqGqyIrl2T4nY2RpFANg==

"@mdi/font@5.9.55":
  version "5.9.55"
  resolved "https://registry.yarnpkg.com/@mdi/font/-/font-5.9.55.tgz#41acd50b88073ded7095fc3029d8712b6e12f38e"
  integrity sha512-jswRF6q3eq8NWpWiqct6q+6Fg/I7nUhrxYJfiEM8JJpap0wVJLQdbKtyS65GdlK7S7Ytnx3TTi/bmw+tBhkGmg==

"@nhost/apollo@^0.5.24":
  version "0.5.24"
  resolved "https://registry.yarnpkg.com/@nhost/apollo/-/apollo-0.5.24.tgz#fde379ad073a789df7731fbfe8131336cbc3ef55"
  integrity sha512-wBEwsOuvDpvhwV3Lo0/pU+gQmQCAuc7bAF25gyplBZrQjl0oq/flT/Lk8JCM5Dql+q7j3Eet+lH1QMV5csnMVg==
  dependencies:
    "@nhost/nhost-js" "1.4.7"
    graphql "16"
    graphql-ws "^5.7.0"

"@nhost/core@*", "@nhost/core@0.7.6":
  version "0.7.6"
  resolved "https://registry.yarnpkg.com/@nhost/core/-/core-0.7.6.tgz#337da64750c8301f2255e24951cc757b032c64da"
  integrity sha512-tMN7uWm4EZtgOUZA+K/MWdKogKffTwhuJQk3vfbQr2nWT7drfMx75mzFh5n8Tr3l1NaTTQ3FV517FlTFNUPFVA==
  dependencies:
    axios "^0.27.2"
    js-cookie "^3.0.1"
    xstate "^4.32.1"

"@nhost/hasura-auth-js@1.4.0":
  version "1.4.0"
  resolved "https://registry.yarnpkg.com/@nhost/hasura-auth-js/-/hasura-auth-js-1.4.0.tgz#20c754d63665113c1e4ae3f4255d51cf9c15c683"
  integrity sha512-srM8l84vVD/OED7rVIlR2TM4osQAphQNNkNRMs4l+wtvM7rdEbxSdhMmgPquBQRCytEQ8ZopreTa10g0l7z2eA==
  dependencies:
    "@nhost/core" "0.7.6"
    jwt-decode "^3.1.2"
    xstate "^4.32.1"

"@nhost/hasura-storage-js@0.5.3":
  version "0.5.3"
  resolved "https://registry.yarnpkg.com/@nhost/hasura-storage-js/-/hasura-storage-js-0.5.3.tgz#5d2637cc94dc7672ce55af849f494376ff5e8448"
  integrity sha512-tgSU7LfI3rH9/Y0kFlfnRS0MCwctgQuZGy+NzAzPPvuyf/iT8/rspYTXlLbbLzYjnDj9SVU1PHgv7q6KBqaQOA==
  dependencies:
    axios "^0.27.2"
    xstate "^4.32.1"

"@nhost/nhost-js@1.4.7":
  version "1.4.7"
  resolved "https://registry.yarnpkg.com/@nhost/nhost-js/-/nhost-js-1.4.7.tgz#57b4647f88075de74492144369f975b28f0b4351"
  integrity sha512-qTj/1OKaudYRO007Ut+ZSsgM3T1kej8JrbV3EdrQpKPEUb8iPMVqYGkfjCCeifZ3c+itoBGVAROrKbaOTE5cVA==
  dependencies:
    "@nhost/hasura-auth-js" "1.4.0"
    "@nhost/hasura-storage-js" "0.5.3"
    axios "^0.27.2"
    jwt-decode "^3.1.2"
    query-string "^7.0.1"

"@nhost/vue@^0.4.0":
  version "0.4.0"
  resolved "https://registry.yarnpkg.com/@nhost/vue/-/vue-0.4.0.tgz#5cfd12d27c5224bb9d5c72b2d3da63b17b569e19"
  integrity sha512-yc1Zt0x/6XH1mTSFxemalPAefdYG8FPwpoNzOckztCRw0QD2uryQlVn/iMZMc0p4uJgBwlKq/TUAUY3w7STpbA==
  dependencies:
    "@nhost/core" "0.7.6"
    "@nhost/nhost-js" "1.4.7"
    "@vueuse/core" "^8.9.2"
    "@xstate/vue" "^1.0.0"
    immer "^9.0.12"
    jwt-decode "^3.1.2"

"@types/web-bluetooth@^0.0.14":
  version "0.0.14"
  resolved "https://registry.yarnpkg.com/@types/web-bluetooth/-/web-bluetooth-0.0.14.tgz#94e175b53623384bff1f354cdb3197a8d63cdbe5"
  integrity sha512-5d2RhCard1nQUC3aHcq/gHzWYO6K0WJmAbjO7mQJgCQKtZpgXxv1rOM6O/dBDhDYYVutk1sciOgNSe+5YyfM8A==

"@types/webfontloader@^1.0.0":
  version "1.6.34"
  resolved "https://registry.yarnpkg.com/@types/webfontloader/-/webfontloader-1.6.34.tgz#3ad1530c3cf2827d3ed80679b4f8c688e6c6957c"
  integrity sha512-yNIPDl3P1yK/ag9C8CdleEhWrtU1myGr3cxb0yEBN/tkCYoGP5PbQa53mQCXcOLFAvBFzJJQfuEahOZ0ARakqw==

"@vitejs/plugin-vue@^2.3.1":
  version "2.3.3"
  resolved "https://registry.yarnpkg.com/@vitejs/plugin-vue/-/plugin-vue-2.3.3.tgz#fbf80cc039b82ac21a1acb0f0478de8f61fbf600"
  integrity sha512-SmQLDyhz+6lGJhPELsBdzXGc+AcaT8stgkbiTFGpXPe8Tl1tJaBw1A6pxDqDuRsVkD8uscrkx3hA7QDOoKYtyw==

"@volar/code-gen@0.38.9":
  version "0.38.9"
  resolved "https://registry.yarnpkg.com/@volar/code-gen/-/code-gen-0.38.9.tgz#8fed2c6a472c8f11ce695b08789bcc22b08e7fa6"
  integrity sha512-n6LClucfA+37rQeskvh9vDoZV1VvCVNy++MAPKj2dT4FT+Fbmty/SDQqnsEBtdEe6E3OQctFvA/IcKsx3Mns0A==
  dependencies:
    "@volar/source-map" "0.38.9"

"@volar/source-map@0.38.9":
  version "0.38.9"
  resolved "https://registry.yarnpkg.com/@volar/source-map/-/source-map-0.38.9.tgz#935d6def4b4342e8e2d63cd8e6bf9bf1155c58d8"
  integrity sha512-ba0UFoHDYry+vwKdgkWJ6xlQT+8TFtZg1zj9tSjj4PykW1JZDuM0xplMotLun4h3YOoYfY9K1huY5gvxmrNLIw==

"@volar/vue-code-gen@0.38.9":
  version "0.38.9"
  resolved "https://registry.yarnpkg.com/@volar/vue-code-gen/-/vue-code-gen-0.38.9.tgz#878f00fec82a2fc300396d70e26b0ea29952f740"
  integrity sha512-tzj7AoarFBKl7e41MR006ncrEmNPHALuk8aG4WdDIaG387X5//5KhWC5Ff3ZfB2InGSeNT+CVUd74M0gS20rjA==
  dependencies:
    "@volar/code-gen" "0.38.9"
    "@volar/source-map" "0.38.9"
    "@vue/compiler-core" "^3.2.37"
    "@vue/compiler-dom" "^3.2.37"
    "@vue/shared" "^3.2.37"

"@volar/vue-typescript@0.38.9":
  version "0.38.9"
  resolved "https://registry.yarnpkg.com/@volar/vue-typescript/-/vue-typescript-0.38.9.tgz#e5dfdc6f0d6dbea683647cd477fafbd483983b35"
  integrity sha512-iJMQGU91ADi98u8V1vXd2UBmELDAaeSP0ZJaFjwosClQdKlJQYc6MlxxKfXBZisHqfbhdtrGRyaryulnYtliZw==
  dependencies:
    "@volar/code-gen" "0.38.9"
    "@volar/source-map" "0.38.9"
    "@volar/vue-code-gen" "0.38.9"
    "@vue/compiler-sfc" "^3.2.37"
    "@vue/reactivity" "^3.2.37"

"@vue/apollo-composable@4.0.0-alpha.18":
  version "4.0.0-alpha.18"
  resolved "https://registry.yarnpkg.com/@vue/apollo-composable/-/apollo-composable-4.0.0-alpha.18.tgz#e79fbea5bc4477bf6e305a52c5a2c41a030a27eb"
  integrity sha512-AasMZnAOG9fH+vcnQu6C3eyBMWXCsjdF0Njh7gGzQYBdo/CG9g9OKtrmHizq5AbgR2KJe/0RHE9yLBj7SZrcdQ==
  dependencies:
    throttle-debounce "^3.0.1"
    ts-essentials "^9.1.2"
    vue-demi "^0.13.1"

"@vue/compiler-core@3.2.37", "@vue/compiler-core@^3.2.37":
  version "3.2.37"
  resolved "https://registry.yarnpkg.com/@vue/compiler-core/-/compiler-core-3.2.37.tgz#b3c42e04c0e0f2c496ff1784e543fbefe91e215a"
  integrity sha512-81KhEjo7YAOh0vQJoSmAD68wLfYqJvoiD4ulyedzF+OEk/bk6/hx3fTNVfuzugIIaTrOx4PGx6pAiBRe5e9Zmg==
  dependencies:
    "@babel/parser" "^7.16.4"
    "@vue/shared" "3.2.37"
    estree-walker "^2.0.2"
    source-map "^0.6.1"

"@vue/compiler-dom@3.2.37", "@vue/compiler-dom@^3.2.37":
  version "3.2.37"
  resolved "https://registry.yarnpkg.com/@vue/compiler-dom/-/compiler-dom-3.2.37.tgz#10d2427a789e7c707c872da9d678c82a0c6582b5"
  integrity sha512-yxJLH167fucHKxaqXpYk7x8z7mMEnXOw3G2q62FTkmsvNxu4FQSu5+3UMb+L7fjKa26DEzhrmCxAgFLLIzVfqQ==
  dependencies:
    "@vue/compiler-core" "3.2.37"
    "@vue/shared" "3.2.37"

"@vue/compiler-sfc@3.2.37", "@vue/compiler-sfc@^3.2.37":
  version "3.2.37"
  resolved "https://registry.yarnpkg.com/@vue/compiler-sfc/-/compiler-sfc-3.2.37.tgz#3103af3da2f40286edcd85ea495dcb35bc7f5ff4"
  integrity sha512-+7i/2+9LYlpqDv+KTtWhOZH+pa8/HnX/905MdVmAcI/mPQOBwkHHIzrsEsucyOIZQYMkXUiTkmZq5am/NyXKkg==
  dependencies:
    "@babel/parser" "^7.16.4"
    "@vue/compiler-core" "3.2.37"
    "@vue/compiler-dom" "3.2.37"
    "@vue/compiler-ssr" "3.2.37"
    "@vue/reactivity-transform" "3.2.37"
    "@vue/shared" "3.2.37"
    estree-walker "^2.0.2"
    magic-string "^0.25.7"
    postcss "^8.1.10"
    source-map "^0.6.1"

"@vue/compiler-ssr@3.2.37":
  version "3.2.37"
  resolved "https://registry.yarnpkg.com/@vue/compiler-ssr/-/compiler-ssr-3.2.37.tgz#4899d19f3a5fafd61524a9d1aee8eb0505313cff"
  integrity sha512-7mQJD7HdXxQjktmsWp/J67lThEIcxLemz1Vb5I6rYJHR5vI+lON3nPGOH3ubmbvYGt8xEUaAr1j7/tIFWiEOqw==
  dependencies:
    "@vue/compiler-dom" "3.2.37"
    "@vue/shared" "3.2.37"

"@vue/devtools-api@^6.1.4":
  version "6.2.1"
  resolved "https://registry.yarnpkg.com/@vue/devtools-api/-/devtools-api-6.2.1.tgz#6f2948ff002ec46df01420dfeff91de16c5b4092"
  integrity sha512-OEgAMeQXvCoJ+1x8WyQuVZzFo0wcyCmUR3baRVLmKBo1LmYZWMlRiXlux5jd0fqVJu6PfDbOrZItVqUEzLobeQ==

"@vue/reactivity-transform@3.2.37":
  version "3.2.37"
  resolved "https://registry.yarnpkg.com/@vue/reactivity-transform/-/reactivity-transform-3.2.37.tgz#0caa47c4344df4ae59f5a05dde2a8758829f8eca"
  integrity sha512-IWopkKEb+8qpu/1eMKVeXrK0NLw9HicGviJzhJDEyfxTR9e1WtpnnbYkJWurX6WwoFP0sz10xQg8yL8lgskAZg==
  dependencies:
    "@babel/parser" "^7.16.4"
    "@vue/compiler-core" "3.2.37"
    "@vue/shared" "3.2.37"
    estree-walker "^2.0.2"
    magic-string "^0.25.7"

"@vue/reactivity@3.2.37", "@vue/reactivity@^3.2.37":
  version "3.2.37"
  resolved "https://registry.yarnpkg.com/@vue/reactivity/-/reactivity-3.2.37.tgz#5bc3847ac58828e2b78526e08219e0a1089f8848"
  integrity sha512-/7WRafBOshOc6m3F7plwzPeCu/RCVv9uMpOwa/5PiY1Zz+WLVRWiy0MYKwmg19KBdGtFWsmZ4cD+LOdVPcs52A==
  dependencies:
    "@vue/shared" "3.2.37"

"@vue/runtime-core@3.2.37":
  version "3.2.37"
  resolved "https://registry.yarnpkg.com/@vue/runtime-core/-/runtime-core-3.2.37.tgz#7ba7c54bb56e5d70edfc2f05766e1ca8519966e3"
  integrity sha512-JPcd9kFyEdXLl/i0ClS7lwgcs0QpUAWj+SKX2ZC3ANKi1U4DOtiEr6cRqFXsPwY5u1L9fAjkinIdB8Rz3FoYNQ==
  dependencies:
    "@vue/reactivity" "3.2.37"
    "@vue/shared" "3.2.37"

"@vue/runtime-dom@3.2.37":
  version "3.2.37"
  resolved "https://registry.yarnpkg.com/@vue/runtime-dom/-/runtime-dom-3.2.37.tgz#002bdc8228fa63949317756fb1e92cdd3f9f4bbd"
  integrity sha512-HimKdh9BepShW6YozwRKAYjYQWg9mQn63RGEiSswMbW+ssIht1MILYlVGkAGGQbkhSh31PCdoUcfiu4apXJoPw==
  dependencies:
    "@vue/runtime-core" "3.2.37"
    "@vue/shared" "3.2.37"
    csstype "^2.6.8"

"@vue/server-renderer@3.2.37":
  version "3.2.37"
  resolved "https://registry.yarnpkg.com/@vue/server-renderer/-/server-renderer-3.2.37.tgz#840a29c8dcc29bddd9b5f5ffa22b95c0e72afdfc"
  integrity sha512-kLITEJvaYgZQ2h47hIzPh2K3jG8c1zCVbp/o/bzQOyvzaKiCquKS7AaioPI28GNxIsE/zSx+EwWYsNxDCX95MA==
  dependencies:
    "@vue/compiler-ssr" "3.2.37"
    "@vue/shared" "3.2.37"

"@vue/shared@3.2.37", "@vue/shared@^3.2.37":
  version "3.2.37"
  resolved "https://registry.yarnpkg.com/@vue/shared/-/shared-3.2.37.tgz#8e6adc3f2759af52f0e85863dfb0b711ecc5c702"
  integrity sha512-4rSJemR2NQIo9Klm1vabqWjD8rs/ZaJSzMxkMNeJS6lHiUjjUeYFbooN19NgFjztubEKh3WlZUeOLVdbbUWHsw==

"@vuetify/loader-shared@^1.4.0":
  version "1.5.1"
  resolved "https://registry.yarnpkg.com/@vuetify/loader-shared/-/loader-shared-1.5.1.tgz#462057d6191f4e9a1d1877858186616b07ca8e3f"
  integrity sha512-3Y1+v1DAi+kr2XRnTo5/o+SRPqrfBV0X0HoGtUUS2BVHKwXoj7cxOBE4zg6rWw7x+mBzDbgcum0zOj9HMx+LJQ==
  dependencies:
    find-cache-dir "^3.3.2"
    upath "^2.0.1"

"@vuetify/vite-plugin@1.0.0-alpha.11":
  version "1.0.0-alpha.11"
  resolved "https://registry.yarnpkg.com/@vuetify/vite-plugin/-/vite-plugin-1.0.0-alpha.11.tgz#43cd0fa4134da2467d7dd134b35b5d21a54ddfca"
  integrity sha512-ADAEubiF+2VHbcsJs0nWCBThc4LX+mGnioYrF0O+jKTvCICT1PJKpp15+M7ZyyM9sAkEFpVH+5FaH5/Ywj7RWg==
  dependencies:
    "@vuetify/loader-shared" "^1.4.0"
    debug "^4.3.3"

"@vueuse/core@^8.9.2":
  version "8.9.4"
  resolved "https://registry.yarnpkg.com/@vueuse/core/-/core-8.9.4.tgz#c7db40f19390b3c9f4ff9294a30461497f62ec19"
  integrity sha512-B/Mdj9TK1peFyWaPof+Zf/mP9XuGAngaJZBwPaXBvU3aCTZlx3ltlrFFFyMV4iGBwsjSCeUCgZrtkEj9dS2Y3Q==
  dependencies:
    "@types/web-bluetooth" "^0.0.14"
    "@vueuse/metadata" "8.9.4"
    "@vueuse/shared" "8.9.4"
    vue-demi "*"

"@vueuse/metadata@8.9.4":
  version "8.9.4"
  resolved "https://registry.yarnpkg.com/@vueuse/metadata/-/metadata-8.9.4.tgz#a4132db33e4c1b1023636acfa20aa7b37ab3d978"
  integrity sha512-IwSfzH80bnJMzqhaapqJl9JRIiyQU0zsRGEgnxN6jhq7992cPUJIRfV+JHRIZXjYqbwt07E1gTEp0R0zPJ1aqw==

"@vueuse/shared@8.9.4":
  version "8.9.4"
  resolved "https://registry.yarnpkg.com/@vueuse/shared/-/shared-8.9.4.tgz#c9741c30ffb666b50d62f0dd80b76119fd47573e"
  integrity sha512-wt+T30c4K6dGRMVqPddexEVLa28YwxW5OFIPmzUHICjphfAuBFTTdDoyqREZNDOFJZ44ARH1WWQNCUK8koJ+Ag==
  dependencies:
    vue-demi "*"

"@wry/context@^0.6.0":
  version "0.6.1"
  resolved "https://registry.yarnpkg.com/@wry/context/-/context-0.6.1.tgz#c3c29c0ad622adb00f6a53303c4f965ee06ebeb2"
  integrity sha512-LOmVnY1iTU2D8tv4Xf6MVMZZ+juIJ87Kt/plMijjN20NMAXGmH4u8bS1t0uT74cZ5gwpocYueV58YwyI8y+GKw==
  dependencies:
    tslib "^2.3.0"

"@wry/equality@^0.5.0":
  version "0.5.2"
  resolved "https://registry.yarnpkg.com/@wry/equality/-/equality-0.5.2.tgz#72c8a7a7d884dff30b612f4f8464eba26c080e73"
  integrity sha512-oVMxbUXL48EV/C0/M7gLVsoK6qRHPS85x8zECofEZOVvxGmIPLA9o5Z27cc2PoAyZz1S2VoM2A7FLAnpfGlneA==
  dependencies:
    tslib "^2.3.0"

"@wry/trie@^0.3.0":
  version "0.3.1"
  resolved "https://registry.yarnpkg.com/@wry/trie/-/trie-0.3.1.tgz#2279b790f15032f8bcea7fc944d27988e5b3b139"
  integrity sha512-WwB53ikYudh9pIorgxrkHKrQZcCqNM/Q/bDzZBffEaGUKGuHrRb3zZUT9Sh2qw9yogC7SsdRmQ1ER0pqvd3bfw==
  dependencies:
    tslib "^2.3.0"

"@xstate/inspect@^0.6.2":
  version "0.6.5"
  resolved "https://registry.yarnpkg.com/@xstate/inspect/-/inspect-0.6.5.tgz#f604c2716d46b5b323169b9cdb092cb8d61b5cea"
  integrity sha512-lUVb/XHaeOl9UP99yQK/rjS+WVx1ymaz0KX8nUsQ4VG/dxvjF0kRcAPCDMuQ7IhWbp0nER+KLE46UFXrqp20Sg==
  dependencies:
    fast-safe-stringify "^2.1.1"

"@xstate/vue@^1.0.0":
  version "1.0.0"
  resolved "https://registry.yarnpkg.com/@xstate/vue/-/vue-1.0.0.tgz#536be6ccc1b5015ea47056159eab70a586759e31"
  integrity sha512-GnJ2WKmef3UvpOj7tMOGkFLF2fSjVFgX/2Ik/0ZttHJCQNXRBWDaaiqNnVVB0XynTUfRPrkOPNeGD4XLqrqeVg==

anymatch@~3.1.2:
  version "3.1.2"
  resolved "https://registry.yarnpkg.com/anymatch/-/anymatch-3.1.2.tgz#c0557c096af32f106198f4f4e2a383537e378716"
  integrity sha512-P43ePfOAIupkguHUycrc4qJ9kz8ZiuOUijaETwX7THt0Y/GNK7v0aa8rY816xWjZ7rJdA5XdMcpVFTKMq+RvWg==
  dependencies:
    normalize-path "^3.0.0"
    picomatch "^2.0.4"

asynckit@^0.4.0:
  version "0.4.0"
  resolved "https://registry.yarnpkg.com/asynckit/-/asynckit-0.4.0.tgz#c79ed97f7f34cb8f2ba1bc9790bcc366474b4b79"
  integrity sha512-Oei9OH4tRh0YqU3GxhX79dM/mwVgvbZJaSNaRk+bshkj0S5cfHcgYakreBjrHwatXKbz+IoIdYLxrKim2MjW0Q==

axios@^0.27.2:
  version "0.27.2"
  resolved "https://registry.yarnpkg.com/axios/-/axios-0.27.2.tgz#207658cc8621606e586c85db4b41a750e756d972"
  integrity sha512-t+yRIyySRTp/wua5xEr+z1q60QmLq8ABsS5O9Me1AsE5dfKqgnCFzwiCZZ/cGNd1lq4/7akDWMxdhVlucjmnOQ==
  dependencies:
    follow-redirects "^1.14.9"
    form-data "^4.0.0"

binary-extensions@^2.0.0:
  version "2.2.0"
  resolved "https://registry.yarnpkg.com/binary-extensions/-/binary-extensions-2.2.0.tgz#75f502eeaf9ffde42fc98829645be4ea76bd9e2d"
  integrity sha512-jDctJ/IVQbZoJykoeHbhXpOlNBqGNcwXJKJog42E5HDPUwQTSdjCHdihjj0DlnheQ7blbT6dHOafNAiS8ooQKA==

braces@~3.0.2:
  version "3.0.2"
  resolved "https://registry.yarnpkg.com/braces/-/braces-3.0.2.tgz#3454e1a462ee8d599e236df336cd9ea4f8afe107"
  integrity sha512-b8um+L1RzM3WDSzvhm6gIz1yfTbBt6YTlcEKAvsmqCZZFw46z626lVj9j1yEPW33H5H+lBQpZMP1k8l+78Ha0A==
  dependencies:
    fill-range "^7.0.1"

"chokidar@>=2.0.0 <4.0.0":
  version "3.5.3"
  resolved "https://registry.yarnpkg.com/chokidar/-/chokidar-3.5.3.tgz#1cf37c8707b932bd1af1ae22c0432e2acd1903bd"
  integrity sha512-Dr3sfKRP6oTcjf2JmUmFJfeVMvXBdegxB0iVQ5eb2V10uFJUCAS8OByZdVAyVb8xXNz3GjjTgj9kLWsZTqE6kw==
  dependencies:
    anymatch "~3.1.2"
    braces "~3.0.2"
    glob-parent "~5.1.2"
    is-binary-path "~2.1.0"
    is-glob "~4.0.1"
    normalize-path "~3.0.0"
    readdirp "~3.6.0"
  optionalDependencies:
    fsevents "~2.3.2"

combined-stream@^1.0.8:
  version "1.0.8"
  resolved "https://registry.yarnpkg.com/combined-stream/-/combined-stream-1.0.8.tgz#c3d45a8b34fd730631a110a8a2520682b31d5a7f"
  integrity sha512-FQN4MRfuJeHf7cBbBMJFXhKSDq+2kAArBlmRBvcvFE5BB1HZKXtSFASDhdlz9zOYwxh8lDdnvmMOe/+5cdoEdg==
  dependencies:
    delayed-stream "~1.0.0"

commondir@^1.0.1:
  version "1.0.1"
  resolved "https://registry.yarnpkg.com/commondir/-/commondir-1.0.1.tgz#ddd800da0c66127393cca5950ea968a3aaf1253b"
  integrity sha512-W9pAhw0ja1Edb5GVdIF1mjZw/ASI0AlShXM83UUGe2DVr5TdAPEA1OA8m/g8zWp9x6On7gqufY+FatDbC3MDQg==

csstype@^2.6.8:
  version "2.6.20"
  resolved "https://registry.yarnpkg.com/csstype/-/csstype-2.6.20.tgz#9229c65ea0b260cf4d3d997cb06288e36a8d6dda"
  integrity sha512-/WwNkdXfckNgw6S5R125rrW8ez139lBHWouiBvX8dfMFtcn6V81REDqnH7+CRpRipfYlyU1CmOnOxrmGcFOjeA==

debug@^4.3.3:
  version "4.3.4"
  resolved "https://registry.yarnpkg.com/debug/-/debug-4.3.4.tgz#1319f6579357f2338d3337d2cdd4914bb5dcc865"
  integrity sha512-PRWFHuSU3eDtQJPvnNY7Jcket1j0t5OuOsFzPPzsekD52Zl8qUfFIPEiswXqIvHWGVHOgX+7G/vCNNhehwxfkQ==
  dependencies:
    ms "2.1.2"

decode-uri-component@^0.2.0:
  version "0.2.0"
  resolved "https://registry.yarnpkg.com/decode-uri-component/-/decode-uri-component-0.2.0.tgz#eb3913333458775cb84cd1a1fae062106bb87545"
  integrity sha512-hjf+xovcEn31w/EUYdTXQh/8smFL/dzYjohQGEIgjyNavaJfBY2p5F527Bo1VPATxv0VYTUC2bOcXvqFwk78Og==

delayed-stream@~1.0.0:
  version "1.0.0"
  resolved "https://registry.yarnpkg.com/delayed-stream/-/delayed-stream-1.0.0.tgz#df3ae199acadfb7d440aaae0b29e2272b24ec619"
  integrity sha512-ZySD7Nf91aLB0RxL4KGrKHBXl7Eds1DAmEdcoVawXnLD7SDhpNgtuII2aAkg7a7QS41jxPSZ17p4VdGnMHk3MQ==

esbuild-android-64@0.14.50:
  version "0.14.50"
  resolved "https://registry.yarnpkg.com/esbuild-android-64/-/esbuild-android-64-0.14.50.tgz#a46fc80fa2007690e647680d837483a750a3097f"
  integrity sha512-H7iUEm7gUJHzidsBlFPGF6FTExazcgXL/46xxLo6i6bMtPim6ZmXyTccS8yOMpy6HAC6dPZ/JCQqrkkin69n6Q==

esbuild-android-arm64@0.14.50:
  version "0.14.50"
  resolved "https://registry.yarnpkg.com/esbuild-android-arm64/-/esbuild-android-arm64-0.14.50.tgz#bdda7851fa7f5f770d6ff0ad593a8945d3a0fcdd"
  integrity sha512-NFaoqEwa+OYfoYVpQWDMdKII7wZZkAjtJFo1WdnBeCYlYikvUhTnf2aPwPu5qEAw/ie1NYK0yn3cafwP+kP+OQ==

esbuild-darwin-64@0.14.50:
  version "0.14.50"
  resolved "https://registry.yarnpkg.com/esbuild-darwin-64/-/esbuild-darwin-64-0.14.50.tgz#f0535435f9760766f30db14a991ee5ca94c022a4"
  integrity sha512-gDQsCvGnZiJv9cfdO48QqxkRV8oKAXgR2CGp7TdIpccwFdJMHf8hyIJhMW/05b/HJjET/26Us27Jx91BFfEVSA==

esbuild-darwin-arm64@0.14.50:
  version "0.14.50"
  resolved "https://registry.yarnpkg.com/esbuild-darwin-arm64/-/esbuild-darwin-arm64-0.14.50.tgz#76a41a40e8947a15ae62970e9ed2853883c4b16c"
  integrity sha512-36nNs5OjKIb/Q50Sgp8+rYW/PqirRiFN0NFc9hEvgPzNJxeJedktXwzfJSln4EcRFRh5Vz4IlqFRScp+aiBBzA==

esbuild-freebsd-64@0.14.50:
  version "0.14.50"
  resolved "https://registry.yarnpkg.com/esbuild-freebsd-64/-/esbuild-freebsd-64-0.14.50.tgz#2ed6633c17ed42c20a1bd68e82c4bbc75ea4fb57"
  integrity sha512-/1pHHCUem8e/R86/uR+4v5diI2CtBdiWKiqGuPa9b/0x3Nwdh5AOH7lj+8823C6uX1e0ufwkSLkS+aFZiBCWxA==

esbuild-freebsd-arm64@0.14.50:
  version "0.14.50"
  resolved "https://registry.yarnpkg.com/esbuild-freebsd-arm64/-/esbuild-freebsd-arm64-0.14.50.tgz#cb115f4cdafe9cdbe58875ba482fccc54d32aa43"
  integrity sha512-iKwUVMQztnPZe5pUYHdMkRc9aSpvoV1mkuHlCoPtxZA3V+Kg/ptpzkcSY+fKd0kuom+l6Rc93k0UPVkP7xoqrw==

esbuild-linux-32@0.14.50:
  version "0.14.50"
  resolved "https://registry.yarnpkg.com/esbuild-linux-32/-/esbuild-linux-32-0.14.50.tgz#fe2b724994dcf1d4e48dc4832ff008ad7d00bcfd"
  integrity sha512-sWUwvf3uz7dFOpLzYuih+WQ7dRycrBWHCdoXJ4I4XdMxEHCECd8b7a9N9u7FzT6XR2gHPk9EzvchQUtiEMRwqw==

esbuild-linux-64@0.14.50:
  version "0.14.50"
  resolved "https://registry.yarnpkg.com/esbuild-linux-64/-/esbuild-linux-64-0.14.50.tgz#7851ab5151df9501a2187bd4909c594ad232b623"
  integrity sha512-u0PQxPhaeI629t4Y3EEcQ0wmWG+tC/LpP2K7yDFvwuPq0jSQ8SIN+ARNYfRjGW15O2we3XJvklbGV0wRuUCPig==

esbuild-linux-arm64@0.14.50:
  version "0.14.50"
  resolved "https://registry.yarnpkg.com/esbuild-linux-arm64/-/esbuild-linux-arm64-0.14.50.tgz#76a76afef484a0512f1fbbcc762edd705dee8892"
  integrity sha512-ZyfoNgsTftD7Rp5S7La5auomKdNeB3Ck+kSKXC4pp96VnHyYGjHHXWIlcbH8i+efRn9brszo1/Thl1qn8RqmhQ==

esbuild-linux-arm@0.14.50:
  version "0.14.50"
  resolved "https://registry.yarnpkg.com/esbuild-linux-arm/-/esbuild-linux-arm-0.14.50.tgz#6d7a8c0712091b0c3a668dd5d8b5c924adbaeb12"
  integrity sha512-VALZq13bhmFJYFE/mLEb+9A0w5vo8z+YDVOWeaf9vOTrSC31RohRIwtxXBnVJ7YKLYfEMzcgFYf+OFln3Y0cWg==

esbuild-linux-mips64le@0.14.50:
  version "0.14.50"
  resolved "https://registry.yarnpkg.com/esbuild-linux-mips64le/-/esbuild-linux-mips64le-0.14.50.tgz#43426909c1884c5dc6b40765673a08a7ec1d2064"
  integrity sha512-ygo31Vxn/WrmjKCHkBoutOlFG5yM9J2UhzHb0oWD9O61dGg+Hzjz9hjf5cmM7FBhAzdpOdEWHIrVOg2YAi6rTw==

esbuild-linux-ppc64le@0.14.50:
  version "0.14.50"
  resolved "https://registry.yarnpkg.com/esbuild-linux-ppc64le/-/esbuild-linux-ppc64le-0.14.50.tgz#c754ea3da1dd180c6e9b6b508dc18ce983d92b11"
  integrity sha512-xWCKU5UaiTUT6Wz/O7GKP9KWdfbsb7vhfgQzRfX4ahh5NZV4ozZ4+SdzYG8WxetsLy84UzLX3Pi++xpVn1OkFQ==

esbuild-linux-riscv64@0.14.50:
  version "0.14.50"
  resolved "https://registry.yarnpkg.com/esbuild-linux-riscv64/-/esbuild-linux-riscv64-0.14.50.tgz#f3b2dd3c4c2b91bf191d3b98a9819c8aa6f5ad7f"
  integrity sha512-0+dsneSEihZTopoO9B6Z6K4j3uI7EdxBP7YSF5rTwUgCID+wHD3vM1gGT0m+pjCW+NOacU9kH/WE9N686FHAJg==

esbuild-linux-s390x@0.14.50:
  version "0.14.50"
  resolved "https://registry.yarnpkg.com/esbuild-linux-s390x/-/esbuild-linux-s390x-0.14.50.tgz#3dfbc4578b2a81995caabb79df2b628ea86a5390"
  integrity sha512-tVjqcu8o0P9H4StwbIhL1sQYm5mWATlodKB6dpEZFkcyTI8kfIGWiWcrGmkNGH2i1kBUOsdlBafPxR3nzp3TDA==

esbuild-netbsd-64@0.14.50:
  version "0.14.50"
  resolved "https://registry.yarnpkg.com/esbuild-netbsd-64/-/esbuild-netbsd-64-0.14.50.tgz#17dbf51eaa48d983e794b588d195415410ef8c85"
  integrity sha512-0R/glfqAQ2q6MHDf7YJw/TulibugjizBxyPvZIcorH0Mb7vSimdHy0XF5uCba5CKt+r4wjax1mvO9lZ4jiAhEg==

esbuild-openbsd-64@0.14.50:
  version "0.14.50"
  resolved "https://registry.yarnpkg.com/esbuild-openbsd-64/-/esbuild-openbsd-64-0.14.50.tgz#cf6b1a50c8cf67b0725aaa4bce9773976168c50e"
  integrity sha512-7PAtmrR5mDOFubXIkuxYQ4bdNS6XCK8AIIHUiZxq1kL8cFIH5731jPcXQ4JNy/wbj1C9sZ8rzD8BIM80Tqk29w==

esbuild-sunos-64@0.14.50:
  version "0.14.50"
  resolved "https://registry.yarnpkg.com/esbuild-sunos-64/-/esbuild-sunos-64-0.14.50.tgz#f705ae0dd914c3b45dc43319c4f532216c3d841f"
  integrity sha512-gBxNY/wyptvD7PkHIYcq7se6SQEXcSC8Y7mE0FJB+CGgssEWf6vBPfTTZ2b6BWKnmaP6P6qb7s/KRIV5T2PxsQ==

esbuild-windows-32@0.14.50:
  version "0.14.50"
  resolved "https://registry.yarnpkg.com/esbuild-windows-32/-/esbuild-windows-32-0.14.50.tgz#6364905a99c1e6c1e2fe7bfccebd958131b1cd6c"
  integrity sha512-MOOe6J9cqe/iW1qbIVYSAqzJFh0p2LBLhVUIWdMVnNUNjvg2/4QNX4oT4IzgDeldU+Bym9/Tn6+DxvUHJXL5Zw==

esbuild-windows-64@0.14.50:
  version "0.14.50"
  resolved "https://registry.yarnpkg.com/esbuild-windows-64/-/esbuild-windows-64-0.14.50.tgz#56603cb6367e30d14098deb77de6aa18d76dd89b"
  integrity sha512-r/qE5Ex3w1jjGv/JlpPoWB365ldkppUlnizhMxJgojp907ZF1PgLTuW207kgzZcSCXyquL9qJkMsY+MRtaZ5yQ==

esbuild-windows-arm64@0.14.50:
  version "0.14.50"
  resolved "https://registry.yarnpkg.com/esbuild-windows-arm64/-/esbuild-windows-arm64-0.14.50.tgz#e7ddde6a97194051a5a4ac05f4f5900e922a7ea5"
  integrity sha512-EMS4lQnsIe12ZyAinOINx7eq2mjpDdhGZZWDwPZE/yUTN9cnc2Ze/xUTYIAyaJqrqQda3LnDpADKpvLvol6ENQ==

esbuild@^0.14.27:
  version "0.14.50"
  resolved "https://registry.yarnpkg.com/esbuild/-/esbuild-0.14.50.tgz#7a665392c8df94bf6e1ae1e999966a5ee62c6cbc"
  integrity sha512-SbC3k35Ih2IC6trhbMYW7hYeGdjPKf9atTKwBUHqMCYFZZ9z8zhuvfnZihsnJypl74FjiAKjBRqFkBkAd0rS/w==
  optionalDependencies:
    esbuild-android-64 "0.14.50"
    esbuild-android-arm64 "0.14.50"
    esbuild-darwin-64 "0.14.50"
    esbuild-darwin-arm64 "0.14.50"
    esbuild-freebsd-64 "0.14.50"
    esbuild-freebsd-arm64 "0.14.50"
    esbuild-linux-32 "0.14.50"
    esbuild-linux-64 "0.14.50"
    esbuild-linux-arm "0.14.50"
    esbuild-linux-arm64 "0.14.50"
    esbuild-linux-mips64le "0.14.50"
    esbuild-linux-ppc64le "0.14.50"
    esbuild-linux-riscv64 "0.14.50"
    esbuild-linux-s390x "0.14.50"
    esbuild-netbsd-64 "0.14.50"
    esbuild-openbsd-64 "0.14.50"
    esbuild-sunos-64 "0.14.50"
    esbuild-windows-32 "0.14.50"
    esbuild-windows-64 "0.14.50"
    esbuild-windows-arm64 "0.14.50"

estree-walker@^2.0.2:
  version "2.0.2"
  resolved "https://registry.yarnpkg.com/estree-walker/-/estree-walker-2.0.2.tgz#52f010178c2a4c117a7757cfe942adb7d2da4cac"
  integrity sha512-Rfkk/Mp/DL7JVje3u18FxFujQlTNR2q6QfMSMB7AvCBx91NGj/ba3kCfza0f6dVDbw7YlRf/nDrn7pQrCCyQ/w==

fast-safe-stringify@^2.1.1:
  version "2.1.1"
  resolved "https://registry.yarnpkg.com/fast-safe-stringify/-/fast-safe-stringify-2.1.1.tgz#c406a83b6e70d9e35ce3b30a81141df30aeba884"
  integrity sha512-W+KJc2dmILlPplD/H4K9l9LcAHAfPtP6BY84uVLXQ6Evcz9Lcg33Y2z1IVblT6xdY54PXYVHEv+0Wpq8Io6zkA==

fill-range@^7.0.1:
  version "7.0.1"
  resolved "https://registry.yarnpkg.com/fill-range/-/fill-range-7.0.1.tgz#1919a6a7c75fe38b2c7c77e5198535da9acdda40"
  integrity sha512-qOo9F+dMUmC2Lcb4BbVvnKJxTPjCm+RRpe4gDuGrzkL7mEVl/djYSu2OdQ2Pa302N4oqkSg9ir6jaLWJ2USVpQ==
  dependencies:
    to-regex-range "^5.0.1"

filter-obj@^1.1.0:
  version "1.1.0"
  resolved "https://registry.yarnpkg.com/filter-obj/-/filter-obj-1.1.0.tgz#9b311112bc6c6127a16e016c6c5d7f19e0805c5b"
  integrity sha512-8rXg1ZnX7xzy2NGDVkBVaAy+lSlPNwad13BtgSlLuxfIslyt5Vg64U7tFcCt4WS1R0hvtnQybT/IyCkGZ3DpXQ==

find-cache-dir@^3.3.2:
  version "3.3.2"
  resolved "https://registry.yarnpkg.com/find-cache-dir/-/find-cache-dir-3.3.2.tgz#b30c5b6eff0730731aea9bbd9dbecbd80256d64b"
  integrity sha512-wXZV5emFEjrridIgED11OoUKLxiYjAcqot/NJdAkOhlJ+vGzwhOAfcG5OX1jP+S0PcjEn8bdMJv+g2jwQ3Onig==
  dependencies:
    commondir "^1.0.1"
    make-dir "^3.0.2"
    pkg-dir "^4.1.0"

find-up@^4.0.0:
  version "4.1.0"
  resolved "https://registry.yarnpkg.com/find-up/-/find-up-4.1.0.tgz#97afe7d6cdc0bc5928584b7c8d7b16e8a9aa5d19"
  integrity sha512-PpOwAdQ/YlXQ2vj8a3h8IipDuYRi3wceVQQGYWxNINccq40Anw7BlsEXCMbt1Zt+OLA6Fq9suIpIWD0OsnISlw==
  dependencies:
    locate-path "^5.0.0"
    path-exists "^4.0.0"

follow-redirects@^1.14.9:
  version "1.15.1"
  resolved "https://registry.yarnpkg.com/follow-redirects/-/follow-redirects-1.15.1.tgz#0ca6a452306c9b276e4d3127483e29575e207ad5"
  integrity sha512-yLAMQs+k0b2m7cVxpS1VKJVvoz7SS9Td1zss3XRwXj+ZDH00RJgnuLx7E44wx02kQLrdM3aOOy+FpzS7+8OizA==

form-data@^4.0.0:
  version "4.0.0"
  resolved "https://registry.yarnpkg.com/form-data/-/form-data-4.0.0.tgz#93919daeaf361ee529584b9b31664dc12c9fa452"
  integrity sha512-ETEklSGi5t0QMZuiXoA/Q6vcnxcLQP5vdugSpuAyi6SVGi2clPPp+xgEhuMaHC+zGgn31Kd235W35f7Hykkaww==
  dependencies:
    asynckit "^0.4.0"
    combined-stream "^1.0.8"
    mime-types "^2.1.12"

fsevents@~2.3.2:
  version "2.3.2"
  resolved "https://registry.yarnpkg.com/fsevents/-/fsevents-2.3.2.tgz#8a526f78b8fdf4623b709e0b975c52c24c02fd1a"
  integrity sha512-xiqMQR4xAeHTuB9uWm+fFRcIOgKBMiOBP+eXiyT7jsgVCq1bkVygt00oASowB7EdtpOHaaPgKt812P9ab+DDKA==

function-bind@^1.1.1:
  version "1.1.1"
  resolved "https://registry.yarnpkg.com/function-bind/-/function-bind-1.1.1.tgz#a56899d3ea3c9bab874bb9773b7c5ede92f4895d"
  integrity sha512-yIovAzMX49sF8Yl58fSCWJ5svSLuaibPxXQJFLmBObTuCr0Mf1KiPopGM9NiFjiYBCbfaa2Fh6breQ6ANVTI0A==

glob-parent@~5.1.2:
  version "5.1.2"
  resolved "https://registry.yarnpkg.com/glob-parent/-/glob-parent-5.1.2.tgz#869832c58034fe68a4093c17dc15e8340d8401c4"
  integrity sha512-AOIgSQCepiJYwP3ARnGx+5VnTu2HBYdzbGP45eLw1vr3zB3vZLeyed1sC9hnbcOc9/SrMyM5RPQrkGz4aS9Zow==
  dependencies:
    is-glob "^4.0.1"

graphql-tag@^2.12.6:
  version "2.12.6"
  resolved "https://registry.yarnpkg.com/graphql-tag/-/graphql-tag-2.12.6.tgz#d441a569c1d2537ef10ca3d1633b48725329b5f1"
  integrity sha512-FdSNcu2QQcWnM2VNvSCCDCVS5PpPqpzgFT8+GXzqJuoDd0CBncxCY278u4mhRO7tMgo2JjgJA5aZ+nWSQ/Z+xg==
  dependencies:
    tslib "^2.1.0"

graphql-ws@^5.7.0:
  version "5.9.1"
  resolved "https://registry.yarnpkg.com/graphql-ws/-/graphql-ws-5.9.1.tgz#9c0fa48ceb695d61d574ed3ab21b426729e87f2d"
  integrity sha512-mL/SWGBwIT9Meq0NlfS55yXXTOeWPMbK7bZBEZhFu46bcGk1coTx2Sdtzxdk+9yHWngD+Fk1PZDWaAutQa9tpw==

graphql@15.7.2:
  version "15.7.2"
  resolved "https://registry.yarnpkg.com/graphql/-/graphql-15.7.2.tgz#85ab0eeb83722977151b3feb4d631b5f2ab287ef"
  integrity sha512-AnnKk7hFQFmU/2I9YSQf3xw44ctnSFCfp3zE0N6W174gqe9fWG/2rKaKxROK7CcI3XtERpjEKFqts8o319Kf7A==

graphql@16:
  version "16.5.0"
  resolved "https://registry.yarnpkg.com/graphql/-/graphql-16.5.0.tgz#41b5c1182eaac7f3d47164fb247f61e4dfb69c85"
  integrity sha512-qbHgh8Ix+j/qY+a/ZcJnFQ+j8ezakqPiHwPiZhV/3PgGlgf96QMBB5/f2rkiC9sgLoy/xvT6TSiaf2nTHJh5iA==

has@^1.0.3:
  version "1.0.3"
  resolved "https://registry.yarnpkg.com/has/-/has-1.0.3.tgz#722d7cbfc1f6aa8241f16dd814e011e1f41e8796"
  integrity sha512-f2dvO0VU6Oej7RkWJGrehjbzMAjFp5/VKPp5tTpWIV4JHHZK1/BxbFRtf/siA2SWTe09caDmVtYYzWEIbBS4zw==
  dependencies:
    function-bind "^1.1.1"

hoist-non-react-statics@^3.3.2:
  version "3.3.2"
  resolved "https://registry.yarnpkg.com/hoist-non-react-statics/-/hoist-non-react-statics-3.3.2.tgz#ece0acaf71d62c2969c2ec59feff42a4b1a85b45"
  integrity sha512-/gGivxi8JPKWNm/W0jSmzcMPpfpPLc3dY/6GxhX2hQ9iGj3aDfklV4ET7NjKpSinLpJ5vafa9iiGIEZg10SfBw==
  dependencies:
    react-is "^16.7.0"

immer@^9.0.12:
  version "9.0.15"
  resolved "https://registry.yarnpkg.com/immer/-/immer-9.0.15.tgz#0b9169e5b1d22137aba7d43f8a81a495dd1b62dc"
  integrity sha512-2eB/sswms9AEUSkOm4SbV5Y7Vmt/bKRwByd52jfLkW4OLYeaTP3EEiJ9agqU0O/tq6Dk62Zfj+TJSqfm1rLVGQ==

is-binary-path@~2.1.0:
  version "2.1.0"
  resolved "https://registry.yarnpkg.com/is-binary-path/-/is-binary-path-2.1.0.tgz#ea1f7f3b80f064236e83470f86c09c254fb45b09"
  integrity sha512-ZMERYes6pDydyuGidse7OsHxtbI7WVeUEozgR/g7rd0xUimYNlvZRE/K2MgZTjWy725IfelLeVcEM97mmtRGXw==
  dependencies:
    binary-extensions "^2.0.0"

is-core-module@^2.9.0:
  version "2.9.0"
  resolved "https://registry.yarnpkg.com/is-core-module/-/is-core-module-2.9.0.tgz#e1c34429cd51c6dd9e09e0799e396e27b19a9c69"
  integrity sha512-+5FPy5PnwmO3lvfMb0AsoPaBG+5KHUI0wYFXOtYPnVVVspTFUuMZNfNaNVRt3FZadstu2c8x23vykRW/NBoU6A==
  dependencies:
    has "^1.0.3"

is-extglob@^2.1.1:
  version "2.1.1"
  resolved "https://registry.yarnpkg.com/is-extglob/-/is-extglob-2.1.1.tgz#a88c02535791f02ed37c76a1b9ea9773c833f8c2"
  integrity sha512-SbKbANkN603Vi4jEZv49LeVJMn4yGwsbzZworEoyEiutsN3nJYdbO36zfhGJ6QEDpOZIFkDtnq5JRxmvl3jsoQ==

is-glob@^4.0.1, is-glob@~4.0.1:
  version "4.0.3"
  resolved "https://registry.yarnpkg.com/is-glob/-/is-glob-4.0.3.tgz#64f61e42cbbb2eec2071a9dac0b28ba1e65d5084"
  integrity sha512-xelSayHH36ZgE7ZWhli7pW34hNbNl8Ojv5KVmkJD4hBdD3th8Tfk9vYasLM+mXWOZhFkgZfxhLSnrwRr4elSSg==
  dependencies:
    is-extglob "^2.1.1"

is-number@^7.0.0:
  version "7.0.0"
  resolved "https://registry.yarnpkg.com/is-number/-/is-number-7.0.0.tgz#7535345b896734d5f80c4d06c50955527a14f12b"
  integrity sha512-41Cifkg6e8TylSpdtTpeLVMqvSBEVzTttHvERD741+pnZ8ANv0004MRL43QKPDlK9cGvNp6NZWZUBlbGXYxxng==

js-cookie@^3.0.1:
  version "3.0.1"
  resolved "https://registry.yarnpkg.com/js-cookie/-/js-cookie-3.0.1.tgz#9e39b4c6c2f56563708d7d31f6f5f21873a92414"
  integrity sha512-+0rgsUXZu4ncpPxRL+lNEptWMOWl9etvPHc/koSRp6MPwpRYAhmk0dUG00J4bxVV3r9uUzfo24wW0knS07SKSw==

"js-tokens@^3.0.0 || ^4.0.0":
  version "4.0.0"
  resolved "https://registry.yarnpkg.com/js-tokens/-/js-tokens-4.0.0.tgz#19203fb59991df98e3a287050d4647cdeaf32499"
  integrity sha512-RdJUflcE3cUzKiMqQgsCu06FPu9UdIJO0beYbPhHN4k6apgJtifcoCtT9bcxOpYBtpD2kCM6Sbzg4CausW/PKQ==

jwt-decode@^3.1.2:
  version "3.1.2"
  resolved "https://registry.yarnpkg.com/jwt-decode/-/jwt-decode-3.1.2.tgz#3fb319f3675a2df0c2895c8f5e9fa4b67b04ed59"
  integrity sha512-UfpWE/VZn0iP50d8cz9NrZLM9lSWhcJ+0Gt/nm4by88UL+J1SiKN8/5dkjMmbEzwL2CAe+67GsegCbIKtbp75A==

locate-path@^5.0.0:
  version "5.0.0"
  resolved "https://registry.yarnpkg.com/locate-path/-/locate-path-5.0.0.tgz#1afba396afd676a6d42504d0a67a3a7eb9f62aa0"
  integrity sha512-t7hw9pI+WvuwNJXwk5zVHpyhIqzg2qTlklJOf0mVxGSbe3Fp2VieZcduNYjaLDoy6p9uGpQEGWG87WpMKlNq8g==
  dependencies:
    p-locate "^4.1.0"

loose-envify@^1.4.0:
  version "1.4.0"
  resolved "https://registry.yarnpkg.com/loose-envify/-/loose-envify-1.4.0.tgz#71ee51fa7be4caec1a63839f7e682d8132d30caf"
  integrity sha512-lyuxPGr/Wfhrlem2CL/UcnUc1zcqKAImBDzukY7Y5F/yQiNdko6+fRLevlw1HgMySw7f611UIY408EtxRSoK3Q==
  dependencies:
    js-tokens "^3.0.0 || ^4.0.0"

magic-string@^0.25.7:
  version "0.25.9"
  resolved "https://registry.yarnpkg.com/magic-string/-/magic-string-0.25.9.tgz#de7f9faf91ef8a1c91d02c2e5314c8277dbcdd1c"
  integrity sha512-RmF0AsMzgt25qzqqLc1+MbHmhdx0ojF2Fvs4XnOqz2ZOBXzzkEwc/dJQZCYHAn7v1jbVOjAZfK8msRn4BxO4VQ==
  dependencies:
    sourcemap-codec "^1.4.8"

make-dir@^3.0.2:
  version "3.1.0"
  resolved "https://registry.yarnpkg.com/make-dir/-/make-dir-3.1.0.tgz#415e967046b3a7f1d185277d84aa58203726a13f"
  integrity sha512-g3FeP20LNwhALb/6Cz6Dd4F2ngze0jz7tbzrD2wAV+o9FeNHe4rL+yK2md0J/fiSf1sa1ADhXqi5+oVwOM/eGw==
  dependencies:
    semver "^6.0.0"

mime-db@1.52.0:
  version "1.52.0"
  resolved "https://registry.yarnpkg.com/mime-db/-/mime-db-1.52.0.tgz#bbabcdc02859f4987301c856e3387ce5ec43bf70"
  integrity sha512-sPU4uV7dYlvtWJxwwxHD0PuihVNiE7TyAbQ5SWxDCB9mUYvOgroQOwYQQOKPJ8CIbE+1ETVlOoK1UC2nU3gYvg==

mime-types@^2.1.12:
  version "2.1.35"
  resolved "https://registry.yarnpkg.com/mime-types/-/mime-types-2.1.35.tgz#381a871b62a734450660ae3deee44813f70d959a"
  integrity sha512-ZDY+bPm5zTTF+YpCrAU9nK0UgICYPT0QtT1NZWFv4s++TNkcgVaT0g6+4R2uI4MjQjzysHB1zxuWL50hzaeXiw==
  dependencies:
    mime-db "1.52.0"

ms@2.1.2:
  version "2.1.2"
  resolved "https://registry.yarnpkg.com/ms/-/ms-2.1.2.tgz#d09d1f357b443f493382a8eb3ccd183872ae6009"
  integrity sha512-sGkPx+VjMtmA6MX27oA4FBFELFCZZ4S4XqeGOXCv68tT+jb3vk/RyaKWP0PTKyWtmLSM0b+adUTEvbs1PEaH2w==

nanoid@^3.3.4:
  version "3.3.4"
  resolved "https://registry.yarnpkg.com/nanoid/-/nanoid-3.3.4.tgz#730b67e3cd09e2deacf03c027c81c9d9dbc5e8ab"
  integrity sha512-MqBkQh/OHTS2egovRtLk45wEyNXwF+cokD+1YPf9u5VfJiRdAiRwB2froX5Co9Rh20xs4siNPm8naNotSD6RBw==

normalize-path@^3.0.0, normalize-path@~3.0.0:
  version "3.0.0"
  resolved "https://registry.yarnpkg.com/normalize-path/-/normalize-path-3.0.0.tgz#0dcd69ff23a1c9b11fd0978316644a0388216a65"
  integrity sha512-6eZs5Ls3WtCisHWp9S2GUy8dqkpGi4BVSz3GaqiE6ezub0512ESztXUwUB6C6IKbQkY2Pnb/mD4WYojCRwcwLA==

object-assign@^4.1.1:
  version "4.1.1"
  resolved "https://registry.yarnpkg.com/object-assign/-/object-assign-4.1.1.tgz#2109adc7965887cfc05cbbd442cac8bfbb360863"
  integrity sha512-rJgTQnkUnH1sFw8yT6VSU3zD3sWmu6sZhIseY8VX+GRu3P6F7Fu+JNDoXfklElbLJSnc3FUQHVe4cU5hj+BcUg==

optimism@^0.16.1:
  version "0.16.1"
  resolved "https://registry.yarnpkg.com/optimism/-/optimism-0.16.1.tgz#7c8efc1f3179f18307b887e18c15c5b7133f6e7d"
  integrity sha512-64i+Uw3otrndfq5kaoGNoY7pvOhSsjFEN4bdEFh80MWVk/dbgJfMv7VFDeCT8LxNAlEVhQmdVEbfE7X2nWNIIg==
  dependencies:
    "@wry/context" "^0.6.0"
    "@wry/trie" "^0.3.0"

p-limit@^2.2.0:
  version "2.3.0"
  resolved "https://registry.yarnpkg.com/p-limit/-/p-limit-2.3.0.tgz#3dd33c647a214fdfffd835933eb086da0dc21db1"
  integrity sha512-//88mFWSJx8lxCzwdAABTJL2MyWB12+eIY7MDL2SqLmAkeKU9qxRvWuSyTjm3FUmpBEMuFfckAIqEaVGUDxb6w==
  dependencies:
    p-try "^2.0.0"

p-locate@^4.1.0:
  version "4.1.0"
  resolved "https://registry.yarnpkg.com/p-locate/-/p-locate-4.1.0.tgz#a3428bb7088b3a60292f66919278b7c297ad4f07"
  integrity sha512-R79ZZ/0wAxKGu3oYMlz8jy/kbhsNrS7SKZ7PxEHBgJ5+F2mtFW2fK2cOtBh1cHYkQsbzFV7I+EoRKe6Yt0oK7A==
  dependencies:
    p-limit "^2.2.0"

p-try@^2.0.0:
  version "2.2.0"
  resolved "https://registry.yarnpkg.com/p-try/-/p-try-2.2.0.tgz#cb2868540e313d61de58fafbe35ce9004d5540e6"
  integrity sha512-R4nPAVTAU0B9D35/Gk3uJf/7XYbQcyohSKdvAxIRSNghFl4e71hVoGnBNQz9cWaXxO2I10KTC+3jMdvvoKw6dQ==

path-exists@^4.0.0:
  version "4.0.0"
  resolved "https://registry.yarnpkg.com/path-exists/-/path-exists-4.0.0.tgz#513bdbe2d3b95d7762e8c1137efa195c6c61b5b3"
  integrity sha512-ak9Qy5Q7jYb2Wwcey5Fpvg2KoAc/ZIhLSLOSBmRmygPsGwkVVt0fZa0qrtMz+m6tJTAHfZQ8FnmB4MG4LWy7/w==

path-parse@^1.0.7:
  version "1.0.7"
  resolved "https://registry.yarnpkg.com/path-parse/-/path-parse-1.0.7.tgz#fbc114b60ca42b30d9daf5858e4bd68bbedb6735"
  integrity sha512-LDJzPVEEEPR+y48z93A0Ed0yXb8pAByGWo/k5YYdYgpY2/2EsOsksJrq7lOHxryrVOn1ejG6oAp8ahvOIQD8sw==

picocolors@^1.0.0:
  version "1.0.0"
  resolved "https://registry.yarnpkg.com/picocolors/-/picocolors-1.0.0.tgz#cb5bdc74ff3f51892236eaf79d68bc44564ab81c"
  integrity sha512-1fygroTLlHu66zi26VoTDv8yRgm0Fccecssto+MhsZ0D/DGW2sm8E8AjW7NU5VVTRt5GxbeZ5qBuJr+HyLYkjQ==

picomatch@^2.0.4, picomatch@^2.2.1:
  version "2.3.1"
  resolved "https://registry.yarnpkg.com/picomatch/-/picomatch-2.3.1.tgz#3ba3833733646d9d3e4995946c1365a67fb07a42"
  integrity sha512-JU3teHTNjmE2VCGFzuY8EXzCDVwEqB2a8fsIvwaStHhAWJEeVd1o1QD80CU6+ZdEXXSLbSsuLwJjkCBWqRQUVA==

pkg-dir@^4.1.0:
  version "4.2.0"
  resolved "https://registry.yarnpkg.com/pkg-dir/-/pkg-dir-4.2.0.tgz#f099133df7ede422e81d1d8448270eeb3e4261f3"
  integrity sha512-HRDzbaKjC+AOWVXxAU/x54COGeIv9eb+6CkDSQoNTt4XyWoIJvuPsXizxu/Fr23EiekbtZwmh1IcIG/l/a10GQ==
  dependencies:
    find-up "^4.0.0"

postcss@^8.1.10, postcss@^8.4.13:
  version "8.4.14"
  resolved "https://registry.yarnpkg.com/postcss/-/postcss-8.4.14.tgz#ee9274d5622b4858c1007a74d76e42e56fd21caf"
  integrity sha512-E398TUmfAYFPBSdzgeieK2Y1+1cpdxJx8yXbK/m57nRhKSmk1GB2tO4lbLBtlkfPQTDKfe4Xqv1ASWPpayPEig==
  dependencies:
    nanoid "^3.3.4"
    picocolors "^1.0.0"
    source-map-js "^1.0.2"

prop-types@^15.7.2:
  version "15.8.1"
  resolved "https://registry.yarnpkg.com/prop-types/-/prop-types-15.8.1.tgz#67d87bf1a694f48435cf332c24af10214a3140b5"
  integrity sha512-oj87CgZICdulUohogVAR7AjlC0327U4el4L6eAvOqCeudMDVU0NThNaV+b9Df4dXgSP1gXMTnPdhfe/2qDH5cg==
  dependencies:
    loose-envify "^1.4.0"
    object-assign "^4.1.1"
    react-is "^16.13.1"

query-string@^7.0.1:
  version "7.1.1"
  resolved "https://registry.yarnpkg.com/query-string/-/query-string-7.1.1.tgz#754620669db978625a90f635f12617c271a088e1"
  integrity sha512-MplouLRDHBZSG9z7fpuAAcI7aAYjDLhtsiVZsevsfaHWDS2IDdORKbSd1kWUA+V4zyva/HZoSfpwnYMMQDhb0w==
  dependencies:
    decode-uri-component "^0.2.0"
    filter-obj "^1.1.0"
    split-on-first "^1.0.0"
    strict-uri-encode "^2.0.0"

react-is@^16.13.1, react-is@^16.7.0:
  version "16.13.1"
  resolved "https://registry.yarnpkg.com/react-is/-/react-is-16.13.1.tgz#789729a4dc36de2999dc156dd6c1d9c18cea56a4"
  integrity sha512-24e6ynE2H+OKt4kqsOvNd8kBpV65zoxbA4BVsEOB3ARVWQki/DHzaUoC5KuON/BiccDaCCTZBuOcfZs70kR8bQ==

readdirp@~3.6.0:
  version "3.6.0"
  resolved "https://registry.yarnpkg.com/readdirp/-/readdirp-3.6.0.tgz#74a370bd857116e245b29cc97340cd431a02a6c7"
  integrity sha512-hOS089on8RduqdbhvQ5Z37A0ESjsqz6qnRcffsMU3495FuTdqSm+7bhJ29JvIOsBDEEnan5DPu9t3To9VRlMzA==
  dependencies:
    picomatch "^2.2.1"

resolve@^1.22.0:
  version "1.22.1"
  resolved "https://registry.yarnpkg.com/resolve/-/resolve-1.22.1.tgz#27cb2ebb53f91abb49470a928bba7558066ac177"
  integrity sha512-nBpuuYuY5jFsli/JIs1oldw6fOQCBioohqWZg/2hiaOybXOft4lonv85uDOKXdf8rhyK159cxU5cDcK/NKk8zw==
  dependencies:
    is-core-module "^2.9.0"
    path-parse "^1.0.7"
    supports-preserve-symlinks-flag "^1.0.0"

roboto-fontface@*:
  version "0.10.0"
  resolved "https://registry.yarnpkg.com/roboto-fontface/-/roboto-fontface-0.10.0.tgz#7eee40cfa18b1f7e4e605eaf1a2740afb6fd71b0"
  integrity sha512-OlwfYEgA2RdboZohpldlvJ1xngOins5d7ejqnIBWr9KaMxsnBqotpptRXTyfNRLnFpqzX6sTDt+X+a+6udnU8g==

rollup@^2.59.0:
  version "2.77.1"
  resolved "https://registry.yarnpkg.com/rollup/-/rollup-2.77.1.tgz#63463ebdbc04232fc42630ec72d137cd4400975d"
  integrity sha512-GhutNJrvTYD6s1moo+kyq7lD9DeR5HDyXo4bDFlDSkepC9kVKY+KK/NSZFzCmeXeia3kEzVuToQmHRdugyZHxw==
  optionalDependencies:
    fsevents "~2.3.2"

sass@1.32.0:
  version "1.32.0"
  resolved "https://registry.yarnpkg.com/sass/-/sass-1.32.0.tgz#10101a026c13080b14e2b374d4e15ee24400a4d3"
  integrity sha512-fhyqEbMIycQA4blrz/C0pYhv2o4x2y6FYYAH0CshBw3DXh5D5wyERgxw0ptdau1orc/GhNrhF7DFN2etyOCEng==
  dependencies:
    chokidar ">=2.0.0 <4.0.0"

semver@^6.0.0:
  version "6.3.0"
  resolved "https://registry.yarnpkg.com/semver/-/semver-6.3.0.tgz#ee0a64c8af5e8ceea67687b133761e1becbd1d3d"
  integrity sha512-b39TBaTSfV6yBrapU89p5fKekE2m/NwnDocOVruQFS1/veMgdzuPcnOM34M6CwxW8jH/lxEa5rBoDeUwu5HHTw==

source-map-js@^1.0.2:
  version "1.0.2"
  resolved "https://registry.yarnpkg.com/source-map-js/-/source-map-js-1.0.2.tgz#adbc361d9c62df380125e7f161f71c826f1e490c"
  integrity sha512-R0XvVJ9WusLiqTCEiGCmICCMplcCkIwwR11mOSD9CR5u+IXYdiseeEuXCVAjS54zqwkLcPNnmU4OeJ6tUrWhDw==

source-map@^0.6.1:
  version "0.6.1"
  resolved "https://registry.yarnpkg.com/source-map/-/source-map-0.6.1.tgz#74722af32e9614e9c287a8d0bbde48b5e2f1a263"
  integrity sha512-UjgapumWlbMhkBgzT7Ykc5YXUT46F0iKu8SGXq0bcwP5dz/h0Plj6enJqjz1Zbq2l5WaqYnrVbwWOWMyF3F47g==

sourcemap-codec@^1.4.8:
  version "1.4.8"
  resolved "https://registry.yarnpkg.com/sourcemap-codec/-/sourcemap-codec-1.4.8.tgz#ea804bd94857402e6992d05a38ef1ae35a9ab4c4"
  integrity sha512-9NykojV5Uih4lgo5So5dtw+f0JgJX30KCNI8gwhz2J9A15wD0Ml6tjHKwf6fTSa6fAdVBdZeNOs9eJ71qCk8vA==

split-on-first@^1.0.0:
  version "1.1.0"
  resolved "https://registry.yarnpkg.com/split-on-first/-/split-on-first-1.1.0.tgz#f610afeee3b12bce1d0c30425e76398b78249a5f"
  integrity sha512-43ZssAJaMusuKWL8sKUBQXHWOpq8d6CfN/u1p4gUzfJkM05C8rxTmYrkIPTXapZpORA6LkkzcUulJ8FqA7Uudw==

strict-uri-encode@^2.0.0:
  version "2.0.0"
  resolved "https://registry.yarnpkg.com/strict-uri-encode/-/strict-uri-encode-2.0.0.tgz#b9c7330c7042862f6b142dc274bbcc5866ce3546"
  integrity sha512-QwiXZgpRcKkhTj2Scnn++4PKtWsH0kpzZ62L2R6c/LUVYv7hVnZqcg2+sMuT6R7Jusu1vviK/MFsu6kNJfWlEQ==

supports-preserve-symlinks-flag@^1.0.0:
  version "1.0.0"
  resolved "https://registry.yarnpkg.com/supports-preserve-symlinks-flag/-/supports-preserve-symlinks-flag-1.0.0.tgz#6eda4bd344a3c94aea376d4cc31bc77311039e09"
  integrity sha512-ot0WnXS9fgdkgIcePe6RHNk1WA8+muPa6cSjeR3V8K27q9BB1rTE3R1p7Hv0z1ZyAc8s6Vvv8DIyWf681MAt0w==

symbol-observable@^4.0.0:
  version "4.0.0"
  resolved "https://registry.yarnpkg.com/symbol-observable/-/symbol-observable-4.0.0.tgz#5b425f192279e87f2f9b937ac8540d1984b39205"
  integrity sha512-b19dMThMV4HVFynSAM1++gBHAbk2Tc/osgLIBZMKsyqh34jb2e8Os7T6ZW/Bt3pJFdBTd2JwAnAAEQV7rSNvcQ==

throttle-debounce@^3.0.1:
  version "3.0.1"
  resolved "https://registry.yarnpkg.com/throttle-debounce/-/throttle-debounce-3.0.1.tgz#32f94d84dfa894f786c9a1f290e7a645b6a19abb"
  integrity sha512-dTEWWNu6JmeVXY0ZYoPuH5cRIwc0MeGbJwah9KUNYSJwommQpCzTySTpEe8Gs1J23aeWEuAobe4Ag7EHVt/LOg==

to-regex-range@^5.0.1:
  version "5.0.1"
  resolved "https://registry.yarnpkg.com/to-regex-range/-/to-regex-range-5.0.1.tgz#1648c44aae7c8d988a326018ed72f5b4dd0392e4"
  integrity sha512-65P7iz6X5yEr1cwcgvQxbbIw7Uk3gOy5dIdtZ4rDveLqhrdJP+Li/Hx6tyK0NEb+2GCyneCMJiGqrADCSNk8sQ==
  dependencies:
    is-number "^7.0.0"

ts-essentials@^9.1.2:
  version "9.2.0"
  resolved "https://registry.yarnpkg.com/ts-essentials/-/ts-essentials-9.2.0.tgz#a6ec69b43d111f107b3e63e27b200d2d22542b55"
  integrity sha512-HLl+am6q+ulOWcjUFghpIQXXyaH0hVTnFTVWNqwz1iDxyN+t+lwDfqPB5FmPUTFw3J+y26UR3hNGmK/1jehokA==

ts-invariant@^0.10.3:
  version "0.10.3"
  resolved "https://registry.yarnpkg.com/ts-invariant/-/ts-invariant-0.10.3.tgz#3e048ff96e91459ffca01304dbc7f61c1f642f6c"
  integrity sha512-uivwYcQaxAucv1CzRp2n/QdYPo4ILf9VXgH19zEIjFx2EJufV16P0JtJVpYHy89DItG6Kwj2oIUjrcK5au+4tQ==
  dependencies:
    tslib "^2.1.0"

tslib@^2.1.0, tslib@^2.3.0:
  version "2.4.0"
  resolved "https://registry.yarnpkg.com/tslib/-/tslib-2.4.0.tgz#7cecaa7f073ce680a05847aa77be941098f36dc3"
  integrity sha512-d6xOpEDfsi2CZVlPQzGeux8XMwLT9hssAsaPYExaQMuYskwb+x1x7J371tWlbBdWHroy99KnVB6qIkUbs5X3UQ==

typescript@^4.7.4:
  version "4.7.4"
  resolved "https://registry.yarnpkg.com/typescript/-/typescript-4.7.4.tgz#1a88596d1cf47d59507a1bcdfb5b9dfe4d488235"
  integrity sha512-C0WQT0gezHuw6AdY1M2jxUO83Rjf0HP7Sk1DtXj6j1EwkQNZrHAg2XPWlq62oqEhYvONq5pkC2Y9oPljWToLmQ==

upath@^2.0.1:
  version "2.0.1"
  resolved "https://registry.yarnpkg.com/upath/-/upath-2.0.1.tgz#50c73dea68d6f6b990f51d279ce6081665d61a8b"
  integrity sha512-1uEe95xksV1O0CYKXo8vQvN1JEbtJp7lb7C5U9HMsIp6IVwntkH/oNUzyVNQSd4S1sYk2FpSSW44FqMc8qee5w==

vite@^2.9.0:
  version "2.9.14"
  resolved "https://registry.yarnpkg.com/vite/-/vite-2.9.14.tgz#c438324c6594afd1050df3777da981dee988bb1b"
  integrity sha512-P/UCjSpSMcE54r4mPak55hWAZPlyfS369svib/gpmz8/01L822lMPOJ/RYW6tLCe1RPvMvOsJ17erf55bKp4Hw==
  dependencies:
    esbuild "^0.14.27"
    postcss "^8.4.13"
    resolve "^1.22.0"
    rollup "^2.59.0"
  optionalDependencies:
    fsevents "~2.3.2"

vue-demi@*, vue-demi@^0.13.1:
  version "0.13.5"
  resolved "https://registry.yarnpkg.com/vue-demi/-/vue-demi-0.13.5.tgz#d5eddbc9eaefb89ce5995269d1fa6b0486312092"
  integrity sha512-tO3K2bML3AwiHmVHeKCq6HLef2st4zBXIV5aEkoJl6HZ+gJWxWv2O8wLH8qrA3SX3lDoTDHNghLX1xZg83MXvw==

vue-router@^4.1.2:
  version "4.1.2"
  resolved "https://registry.yarnpkg.com/vue-router/-/vue-router-4.1.2.tgz#ae08f63c9610afa6bff6743e8f128b7054d4c9f5"
  integrity sha512-5BP1qXFncVRwgV/XnqzsKApdMjQPqWIpoUBdL1ynz8HyLxIX/UDAx7Ql2BjmA5CXT/p61JfZvkpiFWFpaqcfag==
  dependencies:
    "@vue/devtools-api" "^6.1.4"

vue-tsc@^0.38.5:
  version "0.38.9"
  resolved "https://registry.yarnpkg.com/vue-tsc/-/vue-tsc-0.38.9.tgz#9e945937667f704325328db8af1cc6bc7314b85e"
  integrity sha512-Yoy5phgvGqyF98Fb4mYqboR4Q149jrdcGv5kSmufXJUq++RZJ2iMVG0g6zl+v3t4ORVWkQmRpsV4x2szufZ0LQ==
  dependencies:
    "@volar/vue-typescript" "0.38.9"

vue@^3.2.37:
  version "3.2.37"
  resolved "https://registry.yarnpkg.com/vue/-/vue-3.2.37.tgz#da220ccb618d78579d25b06c7c21498ca4e5452e"
  integrity sha512-bOKEZxrm8Eh+fveCqS1/NkG/n6aMidsI6hahas7pa0w/l7jkbssJVsRhVDs07IdDq7h9KHswZOgItnwJAgtVtQ==
  dependencies:
    "@vue/compiler-dom" "3.2.37"
    "@vue/compiler-sfc" "3.2.37"
    "@vue/runtime-dom" "3.2.37"
    "@vue/server-renderer" "3.2.37"
    "@vue/shared" "3.2.37"

vuetify@^3.0.0-beta.0:
  version "3.0.0-beta.5"
  resolved "https://registry.yarnpkg.com/vuetify/-/vuetify-3.0.0-beta.5.tgz#8ec5d7de5b52a10e098390188894e4f081cba363"
  integrity sha512-mU+pO5ZAZOR2Z7eVBoPwZw6nePxT5Sdqpsa4++Q99TwVxXQ7jl76Cy97v72MkDYWfxjDjj8XvW6IqNPGrJpU8w==

webfontloader@^1.0.0:
  version "1.6.28"
  resolved "https://registry.yarnpkg.com/webfontloader/-/webfontloader-1.6.28.tgz#db786129253cb6e8eae54c2fb05f870af6675bae"
  integrity sha512-Egb0oFEga6f+nSgasH3E0M405Pzn6y3/9tOVanv/DLfa1YBIgcv90L18YyWnvXkRbIM17v5Kv6IT2N6g1x5tvQ==

xstate@^4.32.1:
  version "4.32.1"
  resolved "https://registry.yarnpkg.com/xstate/-/xstate-4.32.1.tgz#1a09c808a66072938861a3b4acc5b38460244b70"
  integrity sha512-QYUd+3GkXZ8i6qdixnOn28bL3EvA++LONYL/EMWwKlFSh/hiLndJ8YTnz77FDs+JUXcwU7NZJg7qoezoRHc4GQ==

zen-observable-ts@^1.2.5:
  version "1.2.5"
  resolved "https://registry.yarnpkg.com/zen-observable-ts/-/zen-observable-ts-1.2.5.tgz#6c6d9ea3d3a842812c6e9519209365a122ba8b58"
  integrity sha512-QZWQekv6iB72Naeake9hS1KxHlotfRpe+WGNbNx5/ta+R3DNjVO2bswf63gXlWDcs+EMd7XY8HfVQyP1X6T4Zg==
  dependencies:
    zen-observable "0.8.15"

zen-observable@0.8.15:
  version "0.8.15"
  resolved "https://registry.yarnpkg.com/zen-observable/-/zen-observable-0.8.15.tgz#96415c512d8e3ffd920afd3889604e30b9eaac15"
  integrity sha512-PQ2PC7R9rslx84ndNBZB/Dkv8V8fZEpk83RLgXtYd0fwUgEjseMn1Dgajh2x6S8QbZAFa9p2qVCEuYZNgve0dQ==
